
Microsoft Visual Studio Solution File, Format Version 11.00
# Visual Studio 2010
# SharpDevelop 5.1
Project("{FAE04EC0-301F-11D3-BF4B-00C04F79EFBC}") = "Pripojeni k sql serveru", "Pripojeni k sql serveru\Pripojeni k sql serveru.csproj", "{0603D729-43CE-4473-B219-238B9AAA96C8}"
EndProject
Global
	GlobalSection(SolutionConfigurationPlatforms) = preSolution
		Debug|Any CPU = Debug|Any CPU
		Release|Any CPU = Release|Any CPU
	EndGlobalSection
	GlobalSection(ProjectConfigurationPlatforms) = postSolution
		{0603D729-43CE-4473-B219-238B9AAA96C8}.Debug|Any CPU.ActiveCfg = Debug|Any CPU
		{0603D729-43CE-4473-B219-238B9AAA96C8}.Debug|Any CPU.Build.0 = Debug|Any CPU
		{0603D729-43CE-4473-B219-238B9AAA96C8}.Release|Any CPU.ActiveCfg = Release|Any CPU
		{0603D729-43CE-4473-B219-238B9AAA96C8}.Release|Any CPU.Build.0 = Release|Any CPU
	EndGlobalSection
EndGlobal
